
Microsoft Visual Studio Solution File, Format Version 12.00
# Visual Studio Version 16
VisualStudioVersion = 16.0.30717.126
MinimumVisualStudioVersion = 10.0.40219.1
Project("{FAE04EC0-301F-11D3-BF4B-00C04F79EFBC}") = "generator", "generator\generator.csproj", "{8030DD53-0035-4087-85DA-7AD5E975F63C}"
EndProject
Project("{FAE04EC0-301F-11D3-BF4B-00C04F79EFBC}") = "JRGeocoding.Core", "csharp\JRGeocoding.Core\JRGeocoding.Core.csproj", "{A894A6B0-CAFB-40F3-AF10-31AECB325670}"
EndProject
Project("{FAE04EC0-301F-11D3-BF4B-00C04F79EFBC}") = "JRGeocoding.Console", "csharp\JRGeocoding.Console\JRGeocoding.Console.csproj", "{E694FA88-A7F7-4FEA-8763-479BA51D76CD}"
EndProject
Global
	GlobalSection(SolutionConfigurationPlatforms) = preSolution
		Debug|Any CPU = Debug|Any CPU
		Release|Any CPU = Release|Any CPU
	EndGlobalSection
	GlobalSection(ProjectConfigurationPlatforms) = postSolution
		{8030DD53-0035-4087-85DA-7AD5E975F63C}.Debug|Any CPU.ActiveCfg = Debug|Any CPU
		{8030DD53-0035-4087-85DA-7AD5E975F63C}.Debug|Any CPU.Build.0 = Debug|Any CPU
		{8030DD53-0035-4087-85DA-7AD5E975F63C}.Release|Any CPU.ActiveCfg = Release|Any CPU
		{8030DD53-0035-4087-85DA-7AD5E975F63C}.Release|Any CPU.Build.0 = Release|Any CPU
		{A894A6B0-CAFB-40F3-AF10-31AECB325670}.Debug|Any CPU.ActiveCfg = Debug|Any CPU
		{A894A6B0-CAFB-40F3-AF10-31AECB325670}.Debug|Any CPU.Build.0 = Debug|Any CPU
		{A894A6B0-CAFB-40F3-AF10-31AECB325670}.Release|Any CPU.ActiveCfg = Release|Any CPU
		{A894A6B0-CAFB-40F3-AF10-31AECB325670}.Release|Any CPU.Build.0 = Release|Any CPU
		{E694FA88-A7F7-4FEA-8763-479BA51D76CD}.Debug|Any CPU.ActiveCfg = Debug|Any CPU
		{E694FA88-A7F7-4FEA-8763-479BA51D76CD}.Debug|Any CPU.Build.0 = Debug|Any CPU
		{E694FA88-A7F7-4FEA-8763-479BA51D76CD}.Release|Any CPU.ActiveCfg = Release|Any CPU
		{E694FA88-A7F7-4FEA-8763-479BA51D76CD}.Release|Any CPU.Build.0 = Release|Any CPU
	EndGlobalSection
	GlobalSection(SolutionProperties) = preSolution
		HideSolutionNode = FALSE
	EndGlobalSection
	GlobalSection(ExtensibilityGlobals) = postSolution
		SolutionGuid = {6AF0B741-6D85-4685-B4B2-2E4C29E0948C}
	EndGlobalSection
EndGlobal
